{
  "nodes": {
    "nixpkgs": {
      "locked": {
        "lastModified": 1661788116,
        "narHash": "sha256-bLPHlcCGZYojB/Z7L/lmbLAMsxGgqrFhlxF0jMsIm/I=",
        "owner": "NixOS",
        "repo": "nixpkgs",
        "rev": "cc634d9aa08ed89c9ff655de06ab2e593c72ebc1",
        "type": "github"
      },
      "original": {
        "id": "nixpkgs",
        "ref": "nixos-22.05",
        "type": "indirect"
      }
    },
    "root": {
      "inputs": {
        "nixpkgs": "nixpkgs"
      }
    }
  },
  "root": "root",
  "version": 7
}
